
Microsoft Visual Studio Solution File, Format Version 12.00
# Visual Studio Version 16
VisualStudioVersion = 16.0.30907.101
MinimumVisualStudioVersion = 10.0.40219.1
Project("{FAE04EC0-301F-11D3-BF4B-00C04F79EFBC}") = "AZ.GIT.DEMO.WEB", "AZ.GIT.DEMO.WEB\AZ.GIT.DEMO.WEB.csproj", "{BA313494-7765-40D3-AE7F-C4E3A46B949B}"
EndProject
Global
	GlobalSection(SolutionConfigurationPlatforms) = preSolution
		Debug|Any CPU = Debug|Any CPU
		Release|Any CPU = Release|Any CPU
	EndGlobalSection
	GlobalSection(ProjectConfigurationPlatforms) = postSolution
		{BA313494-7765-40D3-AE7F-C4E3A46B949B}.Debug|Any CPU.ActiveCfg = Debug|Any CPU
		{BA313494-7765-40D3-AE7F-C4E3A46B949B}.Debug|Any CPU.Build.0 = Debug|Any CPU
		{BA313494-7765-40D3-AE7F-C4E3A46B949B}.Release|Any CPU.ActiveCfg = Release|Any CPU
		{BA313494-7765-40D3-AE7F-C4E3A46B949B}.Release|Any CPU.Build.0 = Release|Any CPU
	EndGlobalSection
	GlobalSection(SolutionProperties) = preSolution
		HideSolutionNode = FALSE
	EndGlobalSection
	GlobalSection(ExtensibilityGlobals) = postSolution
		SolutionGuid = {B7B8F1DD-9B55-4EC1-A02B-D3A6C6D08B7C}
	EndGlobalSection
EndGlobal
